
Microsoft Visual Studio Solution File, Format Version 12.00
# Visual Studio Version 16
VisualStudioVersion = 16.0.31729.503
MinimumVisualStudioVersion = 10.0.40219.1
Project("{FAE04EC0-301F-11D3-BF4B-00C04F79EFBC}") = "01Project_KomodoCafe", "01Project_KomodoCafe\01Project_KomodoCafe.csproj", "{5E8FEC07-4048-405F-ACEB-87462ECC3AC9}"
EndProject
Project("{FAE04EC0-301F-11D3-BF4B-00C04F79EFBC}") = "01Project_KomodoCafe_ClassList", "01Project_KomodoCafe_ClassList\01Project_KomodoCafe_ClassList.csproj", "{743C72C4-0361-43F5-938F-4A0DD9B55F01}"
EndProject
Project("{FAE04EC0-301F-11D3-BF4B-00C04F79EFBC}") = "01UnitTests_KomodoCafe", "01UnitTests_KomodoCafe\01UnitTests_KomodoCafe.csproj", "{685A8F44-B6E5-4C82-8BAD-86D9970BC912}"
EndProject
Global
	GlobalSection(SolutionConfigurationPlatforms) = preSolution
		Debug|Any CPU = Debug|Any CPU
		Release|Any CPU = Release|Any CPU
	EndGlobalSection
	GlobalSection(ProjectConfigurationPlatforms) = postSolution
		{5E8FEC07-4048-405F-ACEB-87462ECC3AC9}.Debug|Any CPU.ActiveCfg = Debug|Any CPU
		{5E8FEC07-4048-405F-ACEB-87462ECC3AC9}.Debug|Any CPU.Build.0 = Debug|Any CPU
		{5E8FEC07-4048-405F-ACEB-87462ECC3AC9}.Release|Any CPU.ActiveCfg = Release|Any CPU
		{5E8FEC07-4048-405F-ACEB-87462ECC3AC9}.Release|Any CPU.Build.0 = Release|Any CPU
		{743C72C4-0361-43F5-938F-4A0DD9B55F01}.Debug|Any CPU.ActiveCfg = Debug|Any CPU
		{743C72C4-0361-43F5-938F-4A0DD9B55F01}.Debug|Any CPU.Build.0 = Debug|Any CPU
		{743C72C4-0361-43F5-938F-4A0DD9B55F01}.Release|Any CPU.ActiveCfg = Release|Any CPU
		{743C72C4-0361-43F5-938F-4A0DD9B55F01}.Release|Any CPU.Build.0 = Release|Any CPU
		{685A8F44-B6E5-4C82-8BAD-86D9970BC912}.Debug|Any CPU.ActiveCfg = Debug|Any CPU
		{685A8F44-B6E5-4C82-8BAD-86D9970BC912}.Debug|Any CPU.Build.0 = Debug|Any CPU
		{685A8F44-B6E5-4C82-8BAD-86D9970BC912}.Release|Any CPU.ActiveCfg = Release|Any CPU
		{685A8F44-B6E5-4C82-8BAD-86D9970BC912}.Release|Any CPU.Build.0 = Release|Any CPU
	EndGlobalSection
	GlobalSection(SolutionProperties) = preSolution
		HideSolutionNode = FALSE
	EndGlobalSection
	GlobalSection(ExtensibilityGlobals) = postSolution
		SolutionGuid = {3F67E6C3-A584-4A8A-BF63-05763F6B923B}
	EndGlobalSection
EndGlobal
